
Microsoft Visual Studio Solution File, Format Version 12.00
# Visual Studio Version 17
VisualStudioVersion = 17.0.32112.339
MinimumVisualStudioVersion = 10.0.40219.1
Project("{9A19103F-16F7-4668-BE54-9A1E7A4F7556}") = "OOP_Sinif", "ObjectOrientedProgramming\OOP_Sinif.csproj", "{A5D45D6D-3548-4BDB-96ED-ECDF4068B414}"
EndProject
Global
	GlobalSection(SolutionConfigurationPlatforms) = preSolution
		Debug|Any CPU = Debug|Any CPU
		Release|Any CPU = Release|Any CPU
	EndGlobalSection
	GlobalSection(ProjectConfigurationPlatforms) = postSolution
		{A5D45D6D-3548-4BDB-96ED-ECDF4068B414}.Debug|Any CPU.ActiveCfg = Debug|Any CPU
		{A5D45D6D-3548-4BDB-96ED-ECDF4068B414}.Debug|Any CPU.Build.0 = Debug|Any CPU
		{A5D45D6D-3548-4BDB-96ED-ECDF4068B414}.Release|Any CPU.ActiveCfg = Release|Any CPU
		{A5D45D6D-3548-4BDB-96ED-ECDF4068B414}.Release|Any CPU.Build.0 = Release|Any CPU
	EndGlobalSection
	GlobalSection(SolutionProperties) = preSolution
		HideSolutionNode = FALSE
	EndGlobalSection
	GlobalSection(ExtensibilityGlobals) = postSolution
		SolutionGuid = {8E765BFF-8A67-4372-BF73-5BEA7D832B58}
	EndGlobalSection
EndGlobal
